
Microsoft Visual Studio Solution File, Format Version 12.00
# Visual Studio Version 17
VisualStudioVersion = 17.9.34728.123
MinimumVisualStudioVersion = 10.0.40219.1
Project("{FAE04EC0-301F-11D3-BF4B-00C04F79EFBC}") = "Testovoe", "Testovoe\Testovoe.csproj", "{75A5AB9E-45AF-40DE-989C-2BD583CD0ABF}"
EndProject
Project("{FAE04EC0-301F-11D3-BF4B-00C04F79EFBC}") = "Testovoe.Infrastructure", "Testovoe.Infrastructure\Testovoe.Infrastructure.csproj", "{77CB9897-1191-49A9-9B6E-41DED8F28CC3}"
EndProject
Project("{FAE04EC0-301F-11D3-BF4B-00C04F79EFBC}") = "Testovoe.Application", "Testovoe.Application\Testovoe.Application.csproj", "{6F6E33A2-00BC-4FE5-88CF-C7B8FE6F52A6}"
EndProject
Project("{FAE04EC0-301F-11D3-BF4B-00C04F79EFBC}") = "Testovoe.Domain", "Testovoe.Domain\Testovoe.Domain.csproj", "{59374BD2-D31D-43F1-AFBE-BABFE6A5FE09}"
EndProject
Global
	GlobalSection(SolutionConfigurationPlatforms) = preSolution
		Debug|Any CPU = Debug|Any CPU
		Release|Any CPU = Release|Any CPU
	EndGlobalSection
	GlobalSection(ProjectConfigurationPlatforms) = postSolution
		{75A5AB9E-45AF-40DE-989C-2BD583CD0ABF}.Debug|Any CPU.ActiveCfg = Debug|Any CPU
		{75A5AB9E-45AF-40DE-989C-2BD583CD0ABF}.Debug|Any CPU.Build.0 = Debug|Any CPU
		{75A5AB9E-45AF-40DE-989C-2BD583CD0ABF}.Release|Any CPU.ActiveCfg = Release|Any CPU
		{75A5AB9E-45AF-40DE-989C-2BD583CD0ABF}.Release|Any CPU.Build.0 = Release|Any CPU
		{77CB9897-1191-49A9-9B6E-41DED8F28CC3}.Debug|Any CPU.ActiveCfg = Debug|Any CPU
		{77CB9897-1191-49A9-9B6E-41DED8F28CC3}.Debug|Any CPU.Build.0 = Debug|Any CPU
		{77CB9897-1191-49A9-9B6E-41DED8F28CC3}.Release|Any CPU.ActiveCfg = Release|Any CPU
		{77CB9897-1191-49A9-9B6E-41DED8F28CC3}.Release|Any CPU.Build.0 = Release|Any CPU
		{6F6E33A2-00BC-4FE5-88CF-C7B8FE6F52A6}.Debug|Any CPU.ActiveCfg = Debug|Any CPU
		{6F6E33A2-00BC-4FE5-88CF-C7B8FE6F52A6}.Debug|Any CPU.Build.0 = Debug|Any CPU
		{6F6E33A2-00BC-4FE5-88CF-C7B8FE6F52A6}.Release|Any CPU.ActiveCfg = Release|Any CPU
		{6F6E33A2-00BC-4FE5-88CF-C7B8FE6F52A6}.Release|Any CPU.Build.0 = Release|Any CPU
		{59374BD2-D31D-43F1-AFBE-BABFE6A5FE09}.Debug|Any CPU.ActiveCfg = Debug|Any CPU
		{59374BD2-D31D-43F1-AFBE-BABFE6A5FE09}.Debug|Any CPU.Build.0 = Debug|Any CPU
		{59374BD2-D31D-43F1-AFBE-BABFE6A5FE09}.Release|Any CPU.ActiveCfg = Release|Any CPU
		{59374BD2-D31D-43F1-AFBE-BABFE6A5FE09}.Release|Any CPU.Build.0 = Release|Any CPU
	EndGlobalSection
	GlobalSection(SolutionProperties) = preSolution
		HideSolutionNode = FALSE
	EndGlobalSection
	GlobalSection(ExtensibilityGlobals) = postSolution
		SolutionGuid = {AF788107-28F1-4671-8254-8A0A751443DC}
	EndGlobalSection
EndGlobal
